
Microsoft Visual Studio Solution File, Format Version 12.00
# Visual Studio Version 16
VisualStudioVersion = 16.0.31112.23
MinimumVisualStudioVersion = 10.0.40219.1
Project("{FAE04EC0-301F-11D3-BF4B-00C04F79EFBC}") = "ClassMetotDemo", "ClassMetotDemo\ClassMetotDemo.csproj", "{58330009-57B6-4CA6-9BD6-82D042BD0ED2}"
EndProject
Global
	GlobalSection(SolutionConfigurationPlatforms) = preSolution
		Debug|Any CPU = Debug|Any CPU
		Release|Any CPU = Release|Any CPU
	EndGlobalSection
	GlobalSection(ProjectConfigurationPlatforms) = postSolution
		{58330009-57B6-4CA6-9BD6-82D042BD0ED2}.Debug|Any CPU.ActiveCfg = Debug|Any CPU
		{58330009-57B6-4CA6-9BD6-82D042BD0ED2}.Debug|Any CPU.Build.0 = Debug|Any CPU
		{58330009-57B6-4CA6-9BD6-82D042BD0ED2}.Release|Any CPU.ActiveCfg = Release|Any CPU
		{58330009-57B6-4CA6-9BD6-82D042BD0ED2}.Release|Any CPU.Build.0 = Release|Any CPU
	EndGlobalSection
	GlobalSection(SolutionProperties) = preSolution
		HideSolutionNode = FALSE
	EndGlobalSection
	GlobalSection(ExtensibilityGlobals) = postSolution
		SolutionGuid = {8266FF5B-D737-439B-9E3E-910A4853D364}
	EndGlobalSection
EndGlobal
